{
  "name": "database",
  "version": "1.0.0",
  "lockfileVersion": 2,
  "requires": true,
  "packages": {
    "": {
      "name": "database",
      "version": "1.0.0",
      "license": "ISC",
      "dependencies": {
        "@prisma/client": "^3.13.0"
      },
      "devDependencies": {
        "prisma": "^4.1.1"
      }
    },
    "node_modules/@prisma/client": {
      "version": "3.13.0",
      "resolved": "https://registry.npmjs.org/@prisma/client/-/client-3.13.0.tgz",
      "integrity": "sha512-lnEA2tTyVbO5mS1ehmHJQKBDiKB8shaR6s3azwj3Azfi5XHIfnqmkolLCvUeFYnkDCNVzGXJpUgKwQt/UOOYVQ==",
      "hasInstallScript": true,
      "dependencies": {
        "@prisma/engines-version": "3.13.0-17.efdf9b1183dddfd4258cd181a72125755215ab7b"
      },
      "engines": {
        "node": ">=12.6"
      },
      "peerDependencies": {
        "prisma": "*"
      },
      "peerDependenciesMeta": {
        "prisma": {
          "optional": true
        }
      }
    },
    "node_modules/@prisma/engines": {
      "version": "4.1.1",
      "resolved": "https://registry.npmjs.org/@prisma/engines/-/engines-4.1.1.tgz",
      "integrity": "sha512-DCw8L/SS0IXqmj5IW/fMxOXiifnsfjBzDfRhf0j3NFWqvMCh9OtfjmXQZxVgI2mwvJLc/5jzXhkiWT39qS09dA==",
      "devOptional": true,
      "hasInstallScript": true
    },
    "node_modules/@prisma/engines-version": {
      "version": "3.13.0-17.efdf9b1183dddfd4258cd181a72125755215ab7b",
      "resolved": "https://registry.npmjs.org/@prisma/engines-version/-/engines-version-3.13.0-17.efdf9b1183dddfd4258cd181a72125755215ab7b.tgz",
      "integrity": "sha512-TGp9rvgJIKo8NgvAHSwOosbut9mTA7VC6/rpQI9gh+ySSRjdQFhbGyNUiOcQrlI9Ob2DWeO7y4HEnhdKxYiECg=="
    },
    "node_modules/prisma": {
      "version": "4.1.1",
      "resolved": "https://registry.npmjs.org/prisma/-/prisma-4.1.1.tgz",
      "integrity": "sha512-yw50J8If2dKP4wYIi695zthsCASQFHiogGvUHHWd3falx/rpsD6Sb1LMLRV9nO3iGG3lozxNJ2PSINxK7xwdpg==",
      "devOptional": true,
      "hasInstallScript": true,
      "dependencies": {
        "@prisma/engines": "4.1.1"
      },
      "bin": {
        "prisma": "build/index.js",
        "prisma2": "build/index.js"
      },
      "engines": {
        "node": ">=14.17"
      }
    }
  },
  "dependencies": {
    "@prisma/client": {
      "version": "3.13.0",
      "resolved": "https://registry.npmjs.org/@prisma/client/-/client-3.13.0.tgz",
      "integrity": "sha512-lnEA2tTyVbO5mS1ehmHJQKBDiKB8shaR6s3azwj3Azfi5XHIfnqmkolLCvUeFYnkDCNVzGXJpUgKwQt/UOOYVQ==",
      "requires": {
        "@prisma/engines-version": "3.13.0-17.efdf9b1183dddfd4258cd181a72125755215ab7b"
      }
    },
    "@prisma/engines": {
      "version": "4.1.1",
      "resolved": "https://registry.npmjs.org/@prisma/engines/-/engines-4.1.1.tgz",
      "integrity": "sha512-DCw8L/SS0IXqmj5IW/fMxOXiifnsfjBzDfRhf0j3NFWqvMCh9OtfjmXQZxVgI2mwvJLc/5jzXhkiWT39qS09dA==",
      "devOptional": true
    },
    "@prisma/engines-version": {
      "version": "3.13.0-17.efdf9b1183dddfd4258cd181a72125755215ab7b",
      "resolved": "https://registry.npmjs.org/@prisma/engines-version/-/engines-version-3.13.0-17.efdf9b1183dddfd4258cd181a72125755215ab7b.tgz",
      "integrity": "sha512-TGp9rvgJIKo8NgvAHSwOosbut9mTA7VC6/rpQI9gh+ySSRjdQFhbGyNUiOcQrlI9Ob2DWeO7y4HEnhdKxYiECg=="
    },
    "prisma": {
      "version": "4.1.1",
      "resolved": "https://registry.npmjs.org/prisma/-/prisma-4.1.1.tgz",
      "integrity": "sha512-yw50J8If2dKP4wYIi695zthsCASQFHiogGvUHHWd3falx/rpsD6Sb1LMLRV9nO3iGG3lozxNJ2PSINxK7xwdpg==",
      "devOptional": true,
      "requires": {
        "@prisma/engines": "4.1.1"
      }
    }
  }
}
